
Microsoft Visual Studio Solution File, Format Version 12.00
# Visual Studio 15
VisualStudioVersion = 15.0.28307.329
MinimumVisualStudioVersion = 10.0.40219.1
Project("{FAE04EC0-301F-11D3-BF4B-00C04F79EFBC}") = "WaterDelivery.Mvc", "WaterDelivery.Mvc\WaterDelivery.Mvc.csproj", "{1AEECA40-8DE7-46A1-959E-C2DDBA8BA2DE}"
EndProject
Project("{FAE04EC0-301F-11D3-BF4B-00C04F79EFBC}") = "WaterDelivery.Core", "WaterDelivery.Core\WaterDelivery.Core.csproj", "{2E7BDE63-6478-48C1-9C10-167EAF863F80}"
EndProject
Project("{FAE04EC0-301F-11D3-BF4B-00C04F79EFBC}") = "WaterDelivery.EntityFrameworkCore", "WaterDelivery.EntityFrameworkCore\WaterDelivery.EntityFrameworkCore.csproj", "{1F641AF2-F6A0-4ECC-94CE-998F25C816AE}"
EndProject
Global
	GlobalSection(SolutionConfigurationPlatforms) = preSolution
		Debug|Any CPU = Debug|Any CPU
		Release|Any CPU = Release|Any CPU
	EndGlobalSection
	GlobalSection(ProjectConfigurationPlatforms) = postSolution
		{1AEECA40-8DE7-46A1-959E-C2DDBA8BA2DE}.Debug|Any CPU.ActiveCfg = Debug|Any CPU
		{1AEECA40-8DE7-46A1-959E-C2DDBA8BA2DE}.Debug|Any CPU.Build.0 = Debug|Any CPU
		{1AEECA40-8DE7-46A1-959E-C2DDBA8BA2DE}.Release|Any CPU.ActiveCfg = Release|Any CPU
		{1AEECA40-8DE7-46A1-959E-C2DDBA8BA2DE}.Release|Any CPU.Build.0 = Release|Any CPU
		{2E7BDE63-6478-48C1-9C10-167EAF863F80}.Debug|Any CPU.ActiveCfg = Debug|Any CPU
		{2E7BDE63-6478-48C1-9C10-167EAF863F80}.Debug|Any CPU.Build.0 = Debug|Any CPU
		{2E7BDE63-6478-48C1-9C10-167EAF863F80}.Release|Any CPU.ActiveCfg = Release|Any CPU
		{2E7BDE63-6478-48C1-9C10-167EAF863F80}.Release|Any CPU.Build.0 = Release|Any CPU
		{1F641AF2-F6A0-4ECC-94CE-998F25C816AE}.Debug|Any CPU.ActiveCfg = Debug|Any CPU
		{1F641AF2-F6A0-4ECC-94CE-998F25C816AE}.Debug|Any CPU.Build.0 = Debug|Any CPU
		{1F641AF2-F6A0-4ECC-94CE-998F25C816AE}.Release|Any CPU.ActiveCfg = Release|Any CPU
		{1F641AF2-F6A0-4ECC-94CE-998F25C816AE}.Release|Any CPU.Build.0 = Release|Any CPU
	EndGlobalSection
	GlobalSection(SolutionProperties) = preSolution
		HideSolutionNode = FALSE
	EndGlobalSection
	GlobalSection(ExtensibilityGlobals) = postSolution
		SolutionGuid = {CE605A20-A115-4F77-8EBE-39CB46E49FF6}
	EndGlobalSection
EndGlobal
